// !$*UTF8*$!
{
	archiveVersion = 1;
	classes = {
	};
	objectVersion = 56;
	objects = {

/* Begin PBXBuildFile section */
		583519A929F992850091229C /* FontManager.swift in Sources */ = {isa = PBXBuildFile; fileRef = 583519A829F992850091229C /* FontManager.swift */; };
		583519AB29F993250091229C /* Portfolio.swift in Sources */ = {isa = PBXBuildFile; fileRef = 583519AA29F993250091229C /* Portfolio.swift */; };
		583519AD29F994360091229C /* AppModel.swift in Sources */ = {isa = PBXBuildFile; fileRef = 583519AC29F994360091229C /* AppModel.swift */; };
		583519B029F999C90091229C /* HeaderView.swift in Sources */ = {isa = PBXBuildFile; fileRef = 583519AF29F999C90091229C /* HeaderView.swift */; };
		584C28DF29F964C800C22302 /* Montserrat-ExtraLightItalic.ttf in Resources */ = {isa = PBXBuildFile; fileRef = 584C28CD29F964C700C22302 /* Montserrat-ExtraLightItalic.ttf */; };
		584C28E029F964C800C22302 /* Montserrat-Regular.ttf in Resources */ = {isa = PBXBuildFile; fileRef = 584C28CE29F964C700C22302 /* Montserrat-Regular.ttf */; };
		584C28E129F964C800C22302 /* Montserrat-ThinItalic.ttf in Resources */ = {isa = PBXBuildFile; fileRef = 584C28CF29F964C700C22302 /* Montserrat-ThinItalic.ttf */; };
		584C28E229F964C800C22302 /* Montserrat-Bold.ttf in Resources */ = {isa = PBXBuildFile; fileRef = 584C28D029F964C700C22302 /* Montserrat-Bold.ttf */; };
		584C28E329F964C800C22302 /* Montserrat-BlackItalic.ttf in Resources */ = {isa = PBXBuildFile; fileRef = 584C28D129F964C700C22302 /* Montserrat-BlackItalic.ttf */; };
		584C28E429F964C800C22302 /* Montserrat-Italic.ttf in Resources */ = {isa = PBXBuildFile; fileRef = 584C28D229F964C700C22302 /* Montserrat-Italic.ttf */; };
		584C28E529F964C800C22302 /* Montserrat-BoldItalic.ttf in Resources */ = {isa = PBXBuildFile; fileRef = 584C28D329F964C700C22302 /* Montserrat-BoldItalic.ttf */; };
		584C28E629F964C800C22302 /* Montserrat-Black.ttf in Resources */ = {isa = PBXBuildFile; fileRef = 584C28D429F964C700C22302 /* Montserrat-Black.ttf */; };
		584C28E729F964C800C22302 /* Montserrat-ExtraBoldItalic.ttf in Resources */ = {isa = PBXBuildFile; fileRef = 584C28D529F964C700C22302 /* Montserrat-ExtraBoldItalic.ttf */; };
		584C28E829F964C800C22302 /* Montserrat-Thin.ttf in Resources */ = {isa = PBXBuildFile; fileRef = 584C28D629F964C700C22302 /* Montserrat-Thin.ttf */; };
		584C28E929F964C800C22302 /* Montserrat-Medium.ttf in Resources */ = {isa = PBXBuildFile; fileRef = 584C28D729F964C700C22302 /* Montserrat-Medium.ttf */; };
		584C28EA29F964C800C22302 /* Montserrat-ExtraLight.ttf in Resources */ = {isa = PBXBuildFile; fileRef = 584C28D829F964C700C22302 /* Montserrat-ExtraLight.ttf */; };
		584C28EB29F964C800C22302 /* Montserrat-MediumItalic.ttf in Resources */ = {isa = PBXBuildFile; fileRef = 584C28D929F964C700C22302 /* Montserrat-MediumItalic.ttf */; };
		584C28EC29F964C800C22302 /* Montserrat-SemiBoldItalic.ttf in Resources */ = {isa = PBXBuildFile; fileRef = 584C28DA29F964C700C22302 /* Montserrat-SemiBoldItalic.ttf */; };
		584C28ED29F964C800C22302 /* Montserrat-Light.ttf in Resources */ = {isa = PBXBuildFile; fileRef = 584C28DB29F964C700C22302 /* Montserrat-Light.ttf */; };
		584C28EE29F964C800C22302 /* Montserrat-LightItalic.ttf in Resources */ = {isa = PBXBuildFile; fileRef = 584C28DC29F964C800C22302 /* Montserrat-LightItalic.ttf */; };
		584C28EF29F964C800C22302 /* Montserrat-SemiBold.ttf in Resources */ = {isa = PBXBuildFile; fileRef = 584C28DD29F964C800C22302 /* Montserrat-SemiBold.ttf */; };
		584C28F029F964C800C22302 /* Montserrat-ExtraBold.ttf in Resources */ = {isa = PBXBuildFile; fileRef = 584C28DE29F964C800C22302 /* Montserrat-ExtraBold.ttf */; };
		584C28F429F967BE00C22302 /* ColorExtensions.swift in Sources */ = {isa = PBXBuildFile; fileRef = 584C28F329F967BE00C22302 /* ColorExtensions.swift */; };
		58BEFB7329FE3B5D00C9EFC9 /* ExperienceView.swift in Sources */ = {isa = PBXBuildFile; fileRef = 58BEFB7229FE3B5D00C9EFC9 /* ExperienceView.swift */; };
		58BEFB7529FE3EB500C9EFC9 /* ExperiencesView.swift in Sources */ = {isa = PBXBuildFile; fileRef = 58BEFB7429FE3EB500C9EFC9 /* ExperiencesView.swift */; };
		58DD812329F961E300C1056C /* PortfolioFahmiApp.swift in Sources */ = {isa = PBXBuildFile; fileRef = 58DD812229F961E300C1056C /* PortfolioFahmiApp.swift */; };
		58DD812529F961E400C1056C /* PortfolioView.swift in Sources */ = {isa = PBXBuildFile; fileRef = 58DD812429F961E400C1056C /* PortfolioView.swift */; };
		58DD812729F961E500C1056C /* Assets.xcassets in Resources */ = {isa = PBXBuildFile; fileRef = 58DD812629F961E500C1056C /* Assets.xcassets */; };
		58DD812A29F961E500C1056C /* Preview Assets.xcassets in Resources */ = {isa = PBXBuildFile; fileRef = 58DD812929F961E500C1056C /* Preview Assets.xcassets */; };
		58DF4DAE29FC02960088C764 /* SkillView.swift in Sources */ = {isa = PBXBuildFile; fileRef = 58DF4DAD29FC02960088C764 /* SkillView.swift */; };
		58DF4DB029FCFCE40088C764 /* SkillsView.swift in Sources */ = {isa = PBXBuildFile; fileRef = 58DF4DAF29FCFCE40088C764 /* SkillsView.swift */; };
/* End PBXBuildFile section */

/* Begin PBXFileReference section */
		583519A829F992850091229C /* FontManager.swift */ = {isa = PBXFileReference; lastKnownFileType = sourcecode.swift; path = FontManager.swift; sourceTree = "<group>"; };
		583519AA29F993250091229C /* Portfolio.swift */ = {isa = PBXFileReference; lastKnownFileType = sourcecode.swift; path = Portfolio.swift; sourceTree = "<group>"; };
		583519AC29F994360091229C /* AppModel.swift */ = {isa = PBXFileReference; lastKnownFileType = sourcecode.swift; path = AppModel.swift; sourceTree = "<group>"; };
		583519AF29F999C90091229C /* HeaderView.swift */ = {isa = PBXFileReference; lastKnownFileType = sourcecode.swift; path = HeaderView.swift; sourceTree = "<group>"; };
		584C28CD29F964C700C22302 /* Montserrat-ExtraLightItalic.ttf */ = {isa = PBXFileReference; lastKnownFileType = file; path = "Montserrat-ExtraLightItalic.ttf"; sourceTree = "<group>"; };
		584C28CE29F964C700C22302 /* Montserrat-Regular.ttf */ = {isa = PBXFileReference; lastKnownFileType = file; path = "Montserrat-Regular.ttf"; sourceTree = "<group>"; };
		584C28CF29F964C700C22302 /* Montserrat-ThinItalic.ttf */ = {isa = PBXFileReference; lastKnownFileType = file; path = "Montserrat-ThinItalic.ttf"; sourceTree = "<group>"; };
		584C28D029F964C700C22302 /* Montserrat-Bold.ttf */ = {isa = PBXFileReference; lastKnownFileType = file; path = "Montserrat-Bold.ttf"; sourceTree = "<group>"; };
		584C28D129F964C700C22302 /* Montserrat-BlackItalic.ttf */ = {isa = PBXFileReference; lastKnownFileType = file; path = "Montserrat-BlackItalic.ttf"; sourceTree = "<group>"; };
		584C28D229F964C700C22302 /* Montserrat-Italic.ttf */ = {isa = PBXFileReference; lastKnownFileType = file; path = "Montserrat-Italic.ttf"; sourceTree = "<group>"; };
		584C28D329F964C700C22302 /* Montserrat-BoldItalic.ttf */ = {isa = PBXFileReference; lastKnownFileType = file; path = "Montserrat-BoldItalic.ttf"; sourceTree = "<group>"; };
		584C28D429F964C700C22302 /* Montserrat-Black.ttf */ = {isa = PBXFileReference; lastKnownFileType = file; path = "Montserrat-Black.ttf"; sourceTree = "<group>"; };
		584C28D529F964C700C22302 /* Montserrat-ExtraBoldItalic.ttf */ = {isa = PBXFileReference; lastKnownFileType = file; path = "Montserrat-ExtraBoldItalic.ttf"; sourceTree = "<group>"; };
		584C28D629F964C700C22302 /* Montserrat-Thin.ttf */ = {isa = PBXFileReference; lastKnownFileType = file; path = "Montserrat-Thin.ttf"; sourceTree = "<group>"; };
		584C28D729F964C700C22302 /* Montserrat-Medium.ttf */ = {isa = PBXFileReference; lastKnownFileType = file; path = "Montserrat-Medium.ttf"; sourceTree = "<group>"; };
		584C28D829F964C700C22302 /* Montserrat-ExtraLight.ttf */ = {isa = PBXFileReference; lastKnownFileType = file; path = "Montserrat-ExtraLight.ttf"; sourceTree = "<group>"; };
		584C28D929F964C700C22302 /* Montserrat-MediumItalic.ttf */ = {isa = PBXFileReference; lastKnownFileType = file; path = "Montserrat-MediumItalic.ttf"; sourceTree = "<group>"; };
		584C28DA29F964C700C22302 /* Montserrat-SemiBoldItalic.ttf */ = {isa = PBXFileReference; lastKnownFileType = file; path = "Montserrat-SemiBoldItalic.ttf"; sourceTree = "<group>"; };
		584C28DB29F964C700C22302 /* Montserrat-Light.ttf */ = {isa = PBXFileReference; lastKnownFileType = file; path = "Montserrat-Light.ttf"; sourceTree = "<group>"; };
		584C28DC29F964C800C22302 /* Montserrat-LightItalic.ttf */ = {isa = PBXFileReference; lastKnownFileType = file; path = "Montserrat-LightItalic.ttf"; sourceTree = "<group>"; };
		584C28DD29F964C800C22302 /* Montserrat-SemiBold.ttf */ = {isa = PBXFileReference; lastKnownFileType = file; path = "Montserrat-SemiBold.ttf"; sourceTree = "<group>"; };
		584C28DE29F964C800C22302 /* Montserrat-ExtraBold.ttf */ = {isa = PBXFileReference; lastKnownFileType = file; path = "Montserrat-ExtraBold.ttf"; sourceTree = "<group>"; };
		584C28F129F965C700C22302 /* Info.plist */ = {isa = PBXFileReference; lastKnownFileType = text.plist; path = Info.plist; sourceTree = "<group>"; };
		584C28F329F967BE00C22302 /* ColorExtensions.swift */ = {isa = PBXFileReference; lastKnownFileType = sourcecode.swift; path = ColorExtensions.swift; sourceTree = "<group>"; };
		58BEFB7229FE3B5D00C9EFC9 /* ExperienceView.swift */ = {isa = PBXFileReference; lastKnownFileType = sourcecode.swift; path = ExperienceView.swift; sourceTree = "<group>"; };
		58BEFB7429FE3EB500C9EFC9 /* ExperiencesView.swift */ = {isa = PBXFileReference; lastKnownFileType = sourcecode.swift; path = ExperiencesView.swift; sourceTree = "<group>"; };
		58DD811F29F961E300C1056C /* PortfolioFahmi.app */ = {isa = PBXFileReference; explicitFileType = wrapper.application; includeInIndex = 0; path = PortfolioFahmi.app; sourceTree = BUILT_PRODUCTS_DIR; };
		58DD812229F961E300C1056C /* PortfolioFahmiApp.swift */ = {isa = PBXFileReference; lastKnownFileType = sourcecode.swift; path = PortfolioFahmiApp.swift; sourceTree = "<group>"; };
		58DD812429F961E400C1056C /* PortfolioView.swift */ = {isa = PBXFileReference; lastKnownFileType = sourcecode.swift; path = PortfolioView.swift; sourceTree = "<group>"; };
		58DD812629F961E500C1056C /* Assets.xcassets */ = {isa = PBXFileReference; lastKnownFileType = folder.assetcatalog; path = Assets.xcassets; sourceTree = "<group>"; };
		58DD812929F961E500C1056C /* Preview Assets.xcassets */ = {isa = PBXFileReference; lastKnownFileType = folder.assetcatalog; path = "Preview Assets.xcassets"; sourceTree = "<group>"; };
		58DF4DAD29FC02960088C764 /* SkillView.swift */ = {isa = PBXFileReference; lastKnownFileType = sourcecode.swift; path = SkillView.swift; sourceTree = "<group>"; };
		58DF4DAF29FCFCE40088C764 /* SkillsView.swift */ = {isa = PBXFileReference; lastKnownFileType = sourcecode.swift; path = SkillsView.swift; sourceTree = "<group>"; };
/* End PBXFileReference section */

/* Begin PBXFrameworksBuildPhase section */
		58DD811C29F961E300C1056C /* Frameworks */ = {
			isa = PBXFrameworksBuildPhase;
			buildActionMask = 2147483647;
			files = (
			);
			runOnlyForDeploymentPostprocessing = 0;
		};
/* End PBXFrameworksBuildPhase section */

/* Begin PBXGroup section */
		583519A729F992660091229C /* Utils */ = {
			isa = PBXGroup;
			children = (
				583519A829F992850091229C /* FontManager.swift */,
			);
			path = Utils;
			sourceTree = "<group>";
		};
		583519AE29F9999B0091229C /* Support Views */ = {
			isa = PBXGroup;
			children = (
				583519AF29F999C90091229C /* HeaderView.swift */,
				58DF4DAD29FC02960088C764 /* SkillView.swift */,
				58DF4DAF29FCFCE40088C764 /* SkillsView.swift */,
				58BEFB7229FE3B5D00C9EFC9 /* ExperienceView.swift */,
				58BEFB7429FE3EB500C9EFC9 /* ExperiencesView.swift */,
			);
			path = "Support Views";
			sourceTree = "<group>";
		};
		584C28C729F9639700C22302 /* Code */ = {
			isa = PBXGroup;
			children = (
				584C28CB29F963BD00C22302 /* Services */,
				584C28CA29F963B000C22302 /* Views */,
				584C28C929F963AA00C22302 /* Models */,
				584C28C829F9639E00C22302 /* Controllers */,
			);
			path = Code;
			sourceTree = "<group>";
		};
		584C28C829F9639E00C22302 /* Controllers */ = {
			isa = PBXGroup;
			children = (
				58DD812229F961E300C1056C /* PortfolioFahmiApp.swift */,
			);
			path = Controllers;
			sourceTree = "<group>";
		};
		584C28C929F963AA00C22302 /* Models */ = {
			isa = PBXGroup;
			children = (
				583519AA29F993250091229C /* Portfolio.swift */,
			);
			path = Models;
			sourceTree = "<group>";
		};
		584C28CA29F963B000C22302 /* Views */ = {
			isa = PBXGroup;
			children = (
				583519AE29F9999B0091229C /* Support Views */,
				58DD812429F961E400C1056C /* PortfolioView.swift */,
			);
			path = Views;
			sourceTree = "<group>";
		};
		584C28CB29F963BD00C22302 /* Services */ = {
			isa = PBXGroup;
			children = (
				583519AC29F994360091229C /* AppModel.swift */,
			);
			path = Services;
			sourceTree = "<group>";
		};
		584C28CC29F9641500C22302 /* Fonts */ = {
			isa = PBXGroup;
			children = (
				584C28D429F964C700C22302 /* Montserrat-Black.ttf */,
				584C28D129F964C700C22302 /* Montserrat-BlackItalic.ttf */,
				584C28D029F964C700C22302 /* Montserrat-Bold.ttf */,
				584C28D329F964C700C22302 /* Montserrat-BoldItalic.ttf */,
				584C28DE29F964C800C22302 /* Montserrat-ExtraBold.ttf */,
				584C28D529F964C700C22302 /* Montserrat-ExtraBoldItalic.ttf */,
				584C28D829F964C700C22302 /* Montserrat-ExtraLight.ttf */,
				584C28CD29F964C700C22302 /* Montserrat-ExtraLightItalic.ttf */,
				584C28D229F964C700C22302 /* Montserrat-Italic.ttf */,
				584C28DB29F964C700C22302 /* Montserrat-Light.ttf */,
				584C28DC29F964C800C22302 /* Montserrat-LightItalic.ttf */,
				584C28D729F964C700C22302 /* Montserrat-Medium.ttf */,
				584C28D929F964C700C22302 /* Montserrat-MediumItalic.ttf */,
				584C28CE29F964C700C22302 /* Montserrat-Regular.ttf */,
				584C28DD29F964C800C22302 /* Montserrat-SemiBold.ttf */,
				584C28DA29F964C700C22302 /* Montserrat-SemiBoldItalic.ttf */,
				584C28D629F964C700C22302 /* Montserrat-Thin.ttf */,
				584C28CF29F964C700C22302 /* Montserrat-ThinItalic.ttf */,
			);
			path = Fonts;
			sourceTree = "<group>";
		};
		584C28F229F967A200C22302 /* Extensions */ = {
			isa = PBXGroup;
			children = (
				584C28F329F967BE00C22302 /* ColorExtensions.swift */,
			);
			path = Extensions;
			sourceTree = "<group>";
		};
		58DD811629F961E300C1056C = {
			isa = PBXGroup;
			children = (
				58DD812129F961E300C1056C /* PortfolioFahmi */,
				58DD812029F961E300C1056C /* Products */,
			);
			sourceTree = "<group>";
		};
		58DD812029F961E300C1056C /* Products */ = {
			isa = PBXGroup;
			children = (
				58DD811F29F961E300C1056C /* PortfolioFahmi.app */,
			);
			name = Products;
			sourceTree = "<group>";
		};
		58DD812129F961E300C1056C /* PortfolioFahmi */ = {
			isa = PBXGroup;
			children = (
				583519A729F992660091229C /* Utils */,
				584C28F229F967A200C22302 /* Extensions */,
				584C28F129F965C700C22302 /* Info.plist */,
				584C28C729F9639700C22302 /* Code */,
				58DD813029F9623F00C1056C /* Resources */,
			);
			path = PortfolioFahmi;
			sourceTree = "<group>";
		};
		58DD812829F961E500C1056C /* Preview Content */ = {
			isa = PBXGroup;
			children = (
				58DD812929F961E500C1056C /* Preview Assets.xcassets */,
			);
			name = "Preview Content";
			path = "../Preview Content";
			sourceTree = "<group>";
		};
		58DD813029F9623F00C1056C /* Resources */ = {
			isa = PBXGroup;
			children = (
				584C28CC29F9641500C22302 /* Fonts */,
				58DD812629F961E500C1056C /* Assets.xcassets */,
				58DD812829F961E500C1056C /* Preview Content */,
			);
			path = Resources;
			sourceTree = "<group>";
		};
/* End PBXGroup section */

/* Begin PBXNativeTarget section */
		58DD811E29F961E300C1056C /* PortfolioFahmi */ = {
			isa = PBXNativeTarget;
			buildConfigurationList = 58DD812D29F961E500C1056C /* Build configuration list for PBXNativeTarget "PortfolioFahmi" */;
			buildPhases = (
				58DD811B29F961E300C1056C /* Sources */,
				58DD811C29F961E300C1056C /* Frameworks */,
				58DD811D29F961E300C1056C /* Resources */,
			);
			buildRules = (
			);
			dependencies = (
			);
			name = PortfolioFahmi;
			productName = PortfolioFahmi;
			productReference = 58DD811F29F961E300C1056C /* PortfolioFahmi.app */;
			productType = "com.apple.product-type.application";
		};
/* End PBXNativeTarget section */

/* Begin PBXProject section */
		58DD811729F961E300C1056C /* Project object */ = {
			isa = PBXProject;
			attributes = {
				BuildIndependentTargetsInParallel = 1;
				LastSwiftUpdateCheck = 1410;
				LastUpgradeCheck = 1410;
				TargetAttributes = {
					58DD811E29F961E300C1056C = {
						CreatedOnToolsVersion = 14.1;
					};
				};
			};
			buildConfigurationList = 58DD811A29F961E300C1056C /* Build configuration list for PBXProject "PortfolioFahmi" */;
			compatibilityVersion = "Xcode 14.0";
			developmentRegion = en;
			hasScannedForEncodings = 0;
			knownRegions = (
				en,
				Base,
			);
			mainGroup = 58DD811629F961E300C1056C;
			productRefGroup = 58DD812029F961E300C1056C /* Products */;
			projectDirPath = "";
			projectRoot = "";
			targets = (
				58DD811E29F961E300C1056C /* PortfolioFahmi */,
			);
		};
/* End PBXProject section */

/* Begin PBXResourcesBuildPhase section */
		58DD811D29F961E300C1056C /* Resources */ = {
			isa = PBXResourcesBuildPhase;
			buildActionMask = 2147483647;
			files = (
				584C28E529F964C800C22302 /* Montserrat-BoldItalic.ttf in Resources */,
				584C28E629F964C800C22302 /* Montserrat-Black.ttf in Resources */,
				584C28ED29F964C800C22302 /* Montserrat-Light.ttf in Resources */,
				584C28E029F964C800C22302 /* Montserrat-Regular.ttf in Resources */,
				584C28EA29F964C800C22302 /* Montserrat-ExtraLight.ttf in Resources */,
				584C28F029F964C800C22302 /* Montserrat-ExtraBold.ttf in Resources */,
				584C28E329F964C800C22302 /* Montserrat-BlackItalic.ttf in Resources */,
				58DD812A29F961E500C1056C /* Preview Assets.xcassets in Resources */,
				584C28E429F964C800C22302 /* Montserrat-Italic.ttf in Resources */,
				584C28EE29F964C800C22302 /* Montserrat-LightItalic.ttf in Resources */,
				584C28E229F964C800C22302 /* Montserrat-Bold.ttf in Resources */,
				584C28EF29F964C800C22302 /* Montserrat-SemiBold.ttf in Resources */,
				58DD812729F961E500C1056C /* Assets.xcassets in Resources */,
				584C28DF29F964C800C22302 /* Montserrat-ExtraLightItalic.ttf in Resources */,
				584C28EC29F964C800C22302 /* Montserrat-SemiBoldItalic.ttf in Resources */,
				584C28EB29F964C800C22302 /* Montserrat-MediumItalic.ttf in Resources */,
				584C28E129F964C800C22302 /* Montserrat-ThinItalic.ttf in Resources */,
				584C28E929F964C800C22302 /* Montserrat-Medium.ttf in Resources */,
				584C28E829F964C800C22302 /* Montserrat-Thin.ttf in Resources */,
				584C28E729F964C800C22302 /* Montserrat-ExtraBoldItalic.ttf in Resources */,
			);
			runOnlyForDeploymentPostprocessing = 0;
		};
/* End PBXResourcesBuildPhase section */

/* Begin PBXSourcesBuildPhase section */
		58DD811B29F961E300C1056C /* Sources */ = {
			isa = PBXSourcesBuildPhase;
			buildActionMask = 2147483647;
			files = (
				58DD812529F961E400C1056C /* PortfolioView.swift in Sources */,
				583519AD29F994360091229C /* AppModel.swift in Sources */,
				58BEFB7529FE3EB500C9EFC9 /* ExperiencesView.swift in Sources */,
				58DD812329F961E300C1056C /* PortfolioFahmiApp.swift in Sources */,
				58DF4DB029FCFCE40088C764 /* SkillsView.swift in Sources */,
				583519A929F992850091229C /* FontManager.swift in Sources */,
				58DF4DAE29FC02960088C764 /* SkillView.swift in Sources */,
				584C28F429F967BE00C22302 /* ColorExtensions.swift in Sources */,
				583519AB29F993250091229C /* Portfolio.swift in Sources */,
				58BEFB7329FE3B5D00C9EFC9 /* ExperienceView.swift in Sources */,
				583519B029F999C90091229C /* HeaderView.swift in Sources */,
			);
			runOnlyForDeploymentPostprocessing = 0;
		};
/* End PBXSourcesBuildPhase section */

/* Begin XCBuildConfiguration section */
		58DD812B29F961E500C1056C /* Debug */ = {
			isa = XCBuildConfiguration;
			buildSettings = {
				ALWAYS_SEARCH_USER_PATHS = NO;
				CLANG_ANALYZER_NONNULL = YES;
				CLANG_ANALYZER_NUMBER_OBJECT_CONVERSION = YES_AGGRESSIVE;
				CLANG_CXX_LANGUAGE_STANDARD = "gnu++20";
				CLANG_ENABLE_MODULES = YES;
				CLANG_ENABLE_OBJC_ARC = YES;
				CLANG_ENABLE_OBJC_WEAK = YES;
				CLANG_WARN_BLOCK_CAPTURE_AUTORELEASING = YES;
				CLANG_WARN_BOOL_CONVERSION = YES;
				CLANG_WARN_COMMA = YES;
				CLANG_WARN_CONSTANT_CONVERSION = YES;
				CLANG_WARN_DEPRECATED_OBJC_IMPLEMENTATIONS = YES;
				CLANG_WARN_DIRECT_OBJC_ISA_USAGE = YES_ERROR;
				CLANG_WARN_DOCUMENTATION_COMMENTS = YES;
				CLANG_WARN_EMPTY_BODY = YES;
				CLANG_WARN_ENUM_CONVERSION = YES;
				CLANG_WARN_INFINITE_RECURSION = YES;
				CLANG_WARN_INT_CONVERSION = YES;
				CLANG_WARN_NON_LITERAL_NULL_CONVERSION = YES;
				CLANG_WARN_OBJC_IMPLICIT_RETAIN_SELF = YES;
				CLANG_WARN_OBJC_LITERAL_CONVERSION = YES;
				CLANG_WARN_OBJC_ROOT_CLASS = YES_ERROR;
				CLANG_WARN_QUOTED_INCLUDE_IN_FRAMEWORK_HEADER = YES;
				CLANG_WARN_RANGE_LOOP_ANALYSIS = YES;
				CLANG_WARN_STRICT_PROTOTYPES = YES;
				CLANG_WARN_SUSPICIOUS_MOVE = YES;
				CLANG_WARN_UNGUARDED_AVAILABILITY = YES_AGGRESSIVE;
				CLANG_WARN_UNREACHABLE_CODE = YES;
				CLANG_WARN__DUPLICATE_METHOD_MATCH = YES;
				COPY_PHASE_STRIP = NO;
				DEBUG_INFORMATION_FORMAT = dwarf;
				ENABLE_STRICT_OBJC_MSGSEND = YES;
				ENABLE_TESTABILITY = YES;
				GCC_C_LANGUAGE_STANDARD = gnu11;
				GCC_DYNAMIC_NO_PIC = NO;
				GCC_NO_COMMON_BLOCKS = YES;
				GCC_OPTIMIZATION_LEVEL = 0;
				GCC_PREPROCESSOR_DEFINITIONS = (
					"DEBUG=1",
					"$(inherited)",
				);
				GCC_WARN_64_TO_32_BIT_CONVERSION = YES;
				GCC_WARN_ABOUT_RETURN_TYPE = YES_ERROR;
				GCC_WARN_UNDECLARED_SELECTOR = YES;
				GCC_WARN_UNINITIALIZED_AUTOS = YES_AGGRESSIVE;
				GCC_WARN_UNUSED_FUNCTION = YES;
				GCC_WARN_UNUSED_VARIABLE = YES;
				IPHONEOS_DEPLOYMENT_TARGET = 16.1;
				MTL_ENABLE_DEBUG_INFO = INCLUDE_SOURCE;
				MTL_FAST_MATH = YES;
				ONLY_ACTIVE_ARCH = YES;
				SDKROOT = iphoneos;
				SWIFT_ACTIVE_COMPILATION_CONDITIONS = DEBUG;
				SWIFT_OPTIMIZATION_LEVEL = "-Onone";
			};
			name = Debug;
		};
		58DD812C29F961E500C1056C /* Release */ = {
			isa = XCBuildConfiguration;
			buildSettings = {
				ALWAYS_SEARCH_USER_PATHS = NO;
				CLANG_ANALYZER_NONNULL = YES;
				CLANG_ANALYZER_NUMBER_OBJECT_CONVERSION = YES_AGGRESSIVE;
				CLANG_CXX_LANGUAGE_STANDARD = "gnu++20";
				CLANG_ENABLE_MODULES = YES;
				CLANG_ENABLE_OBJC_ARC = YES;
				CLANG_ENABLE_OBJC_WEAK = YES;
				CLANG_WARN_BLOCK_CAPTURE_AUTORELEASING = YES;
				CLANG_WARN_BOOL_CONVERSION = YES;
				CLANG_WARN_COMMA = YES;
				CLANG_WARN_CONSTANT_CONVERSION = YES;
				CLANG_WARN_DEPRECATED_OBJC_IMPLEMENTATIONS = YES;
				CLANG_WARN_DIRECT_OBJC_ISA_USAGE = YES_ERROR;
				CLANG_WARN_DOCUMENTATION_COMMENTS = YES;
				CLANG_WARN_EMPTY_BODY = YES;
				CLANG_WARN_ENUM_CONVERSION = YES;
				CLANG_WARN_INFINITE_RECURSION = YES;
				CLANG_WARN_INT_CONVERSION = YES;
				CLANG_WARN_NON_LITERAL_NULL_CONVERSION = YES;
				CLANG_WARN_OBJC_IMPLICIT_RETAIN_SELF = YES;
				CLANG_WARN_OBJC_LITERAL_CONVERSION = YES;
				CLANG_WARN_OBJC_ROOT_CLASS = YES_ERROR;
				CLANG_WARN_QUOTED_INCLUDE_IN_FRAMEWORK_HEADER = YES;
				CLANG_WARN_RANGE_LOOP_ANALYSIS = YES;
				CLANG_WARN_STRICT_PROTOTYPES = YES;
				CLANG_WARN_SUSPICIOUS_MOVE = YES;
				CLANG_WARN_UNGUARDED_AVAILABILITY = YES_AGGRESSIVE;
				CLANG_WARN_UNREACHABLE_CODE = YES;
				CLANG_WARN__DUPLICATE_METHOD_MATCH = YES;
				COPY_PHASE_STRIP = NO;
				DEBUG_INFORMATION_FORMAT = "dwarf-with-dsym";
				ENABLE_NS_ASSERTIONS = NO;
				ENABLE_STRICT_OBJC_MSGSEND = YES;
				GCC_C_LANGUAGE_STANDARD = gnu11;
				GCC_NO_COMMON_BLOCKS = YES;
				GCC_WARN_64_TO_32_BIT_CONVERSION = YES;
				GCC_WARN_ABOUT_RETURN_TYPE = YES_ERROR;
				GCC_WARN_UNDECLARED_SELECTOR = YES;
				GCC_WARN_UNINITIALIZED_AUTOS = YES_AGGRESSIVE;
				GCC_WARN_UNUSED_FUNCTION = YES;
				GCC_WARN_UNUSED_VARIABLE = YES;
				IPHONEOS_DEPLOYMENT_TARGET = 16.1;
				MTL_ENABLE_DEBUG_INFO = NO;
				MTL_FAST_MATH = YES;
				SDKROOT = iphoneos;
				SWIFT_COMPILATION_MODE = wholemodule;
				SWIFT_OPTIMIZATION_LEVEL = "-O";
				VALIDATE_PRODUCT = YES;
			};
			name = Release;
		};
		58DD812E29F961E500C1056C /* Debug */ = {
			isa = XCBuildConfiguration;
			buildSettings = {
				ASSETCATALOG_COMPILER_APPICON_NAME = AppIcon;
				ASSETCATALOG_COMPILER_GLOBAL_ACCENT_COLOR_NAME = AccentColor;
				CODE_SIGN_STYLE = Automatic;
				CURRENT_PROJECT_VERSION = 1;
				DEVELOPMENT_ASSET_PATHS = "\"PortfolioFahmi/Resources/Preview Content\"";
				DEVELOPMENT_TEAM = 27J9MHRH2K;
				ENABLE_PREVIEWS = YES;
				GENERATE_INFOPLIST_FILE = YES;
				INFOPLIST_FILE = PortfolioFahmi/Info.plist;
				INFOPLIST_KEY_UIApplicationSceneManifest_Generation = YES;
				INFOPLIST_KEY_UIApplicationSupportsIndirectInputEvents = YES;
				INFOPLIST_KEY_UILaunchScreen_Generation = YES;
				INFOPLIST_KEY_UISupportedInterfaceOrientations_iPad = "UIInterfaceOrientationPortrait UIInterfaceOrientationPortraitUpsideDown UIInterfaceOrientationLandscapeLeft UIInterfaceOrientationLandscapeRight";
				INFOPLIST_KEY_UISupportedInterfaceOrientations_iPhone = "UIInterfaceOrientationPortrait UIInterfaceOrientationLandscapeLeft UIInterfaceOrientationLandscapeRight";
				IPHONEOS_DEPLOYMENT_TARGET = 16.0;
				LD_RUNPATH_SEARCH_PATHS = (
					"$(inherited)",
					"@executable_path/Frameworks",
				);
				MARKETING_VERSION = 1.0;
				PRODUCT_BUNDLE_IDENTIFIER = com.FahmiWannaJoinAppleDev.PortfolioFahmi;
				PRODUCT_NAME = "$(TARGET_NAME)";
				SWIFT_EMIT_LOC_STRINGS = YES;
				SWIFT_VERSION = 5.0;
				TARGETED_DEVICE_FAMILY = "1,2";
			};
			name = Debug;
		};
		58DD812F29F961E500C1056C /* Release */ = {
			isa = XCBuildConfiguration;
			buildSettings = {
				ASSETCATALOG_COMPILER_APPICON_NAME = AppIcon;
				ASSETCATALOG_COMPILER_GLOBAL_ACCENT_COLOR_NAME = AccentColor;
				CODE_SIGN_STYLE = Automatic;
				CURRENT_PROJECT_VERSION = 1;
				DEVELOPMENT_ASSET_PATHS = "\"PortfolioFahmi/Resources/Preview Content\"";
				DEVELOPMENT_TEAM = 27J9MHRH2K;
				ENABLE_PREVIEWS = YES;
				GENERATE_INFOPLIST_FILE = YES;
				INFOPLIST_FILE = PortfolioFahmi/Info.plist;
				INFOPLIST_KEY_UIApplicationSceneManifest_Generation = YES;
				INFOPLIST_KEY_UIApplicationSupportsIndirectInputEvents = YES;
				INFOPLIST_KEY_UILaunchScreen_Generation = YES;
				INFOPLIST_KEY_UISupportedInterfaceOrientations_iPad = "UIInterfaceOrientationPortrait UIInterfaceOrientationPortraitUpsideDown UIInterfaceOrientationLandscapeLeft UIInterfaceOrientationLandscapeRight";
				INFOPLIST_KEY_UISupportedInterfaceOrientations_iPhone = "UIInterfaceOrientationPortrait UIInterfaceOrientationLandscapeLeft UIInterfaceOrientationLandscapeRight";
				IPHONEOS_DEPLOYMENT_TARGET = 16.0;
				LD_RUNPATH_SEARCH_PATHS = (
					"$(inherited)",
					"@executable_path/Frameworks",
				);
				MARKETING_VERSION = 1.0;
				PRODUCT_BUNDLE_IDENTIFIER = com.FahmiWannaJoinAppleDev.PortfolioFahmi;
				PRODUCT_NAME = "$(TARGET_NAME)";
				SWIFT_EMIT_LOC_STRINGS = YES;
				SWIFT_VERSION = 5.0;
				TARGETED_DEVICE_FAMILY = "1,2";
			};
			name = Release;
		};
/* End XCBuildConfiguration section */

/* Begin XCConfigurationList section */
		58DD811A29F961E300C1056C /* Build configuration list for PBXProject "PortfolioFahmi" */ = {
			isa = XCConfigurationList;
			buildConfigurations = (
				58DD812B29F961E500C1056C /* Debug */,
				58DD812C29F961E500C1056C /* Release */,
			);
			defaultConfigurationIsVisible = 0;
			defaultConfigurationName = Release;
		};
		58DD812D29F961E500C1056C /* Build configuration list for PBXNativeTarget "PortfolioFahmi" */ = {
			isa = XCConfigurationList;
			buildConfigurations = (
				58DD812E29F961E500C1056C /* Debug */,
				58DD812F29F961E500C1056C /* Release */,
			);
			defaultConfigurationIsVisible = 0;
			defaultConfigurationName = Release;
		};
/* End XCConfigurationList section */
	};
	rootObject = 58DD811729F961E300C1056C /* Project object */;
}
